
Microsoft Visual Studio Solution File, Format Version 12.00
# Visual Studio Version 17
VisualStudioVersion = 17.7.34221.43
MinimumVisualStudioVersion = 10.0.40219.1
Project("{FAE04EC0-301F-11D3-BF4B-00C04F79EFBC}") = "TodoAPI", "TodoAPI.csproj", "{CB8DF87F-1C0A-4833-9EB1-7ABAD4177B15}"
EndProject
Global
	GlobalSection(SolutionConfigurationPlatforms) = preSolution
		Debug|Any CPU = Debug|Any CPU
		Release|Any CPU = Release|Any CPU
	EndGlobalSection
	GlobalSection(ProjectConfigurationPlatforms) = postSolution
		{CB8DF87F-1C0A-4833-9EB1-7ABAD4177B15}.Debug|Any CPU.ActiveCfg = Debug|Any CPU
		{CB8DF87F-1C0A-4833-9EB1-7ABAD4177B15}.Debug|Any CPU.Build.0 = Debug|Any CPU
		{CB8DF87F-1C0A-4833-9EB1-7ABAD4177B15}.Release|Any CPU.ActiveCfg = Release|Any CPU
		{CB8DF87F-1C0A-4833-9EB1-7ABAD4177B15}.Release|Any CPU.Build.0 = Release|Any CPU
	EndGlobalSection
	GlobalSection(SolutionProperties) = preSolution
		HideSolutionNode = FALSE
	EndGlobalSection
	GlobalSection(ExtensibilityGlobals) = postSolution
		SolutionGuid = {D902B451-D2CC-4501-B330-CA7C7BF9D736}
	EndGlobalSection
EndGlobal
